
Microsoft Visual Studio Solution File, Format Version 12.00
# Visual Studio Version 16
VisualStudioVersion = 16.0.30114.105
MinimumVisualStudioVersion = 10.0.40219.1
Project("{FAE04EC0-301F-11D3-BF4B-00C04F79EFBC}") = "CotizacionApp", "CotizacionApp\CotizacionApp.csproj", "{FDE4EA54-C021-4B34-BEFD-0CCC9AB425E2}"
EndProject
Project("{FAE04EC0-301F-11D3-BF4B-00C04F79EFBC}") = "CotizacionInfrastructure", "CotizacionInfrastructure\CotizacionInfrastructure.csproj", "{1FD22009-4B51-48CE-8907-FE29F2F4D658}"
EndProject
Project("{FAE04EC0-301F-11D3-BF4B-00C04F79EFBC}") = "CotizacionCore", "CotizacionCore\CotizacionCore.csproj", "{6228ED1C-6733-49FF-8A42-DCE6C6C503C4}"
EndProject
Global
	GlobalSection(SolutionConfigurationPlatforms) = preSolution
		Debug|Any CPU = Debug|Any CPU
		Release|Any CPU = Release|Any CPU
	EndGlobalSection
	GlobalSection(ProjectConfigurationPlatforms) = postSolution
		{FDE4EA54-C021-4B34-BEFD-0CCC9AB425E2}.Debug|Any CPU.ActiveCfg = Debug|Any CPU
		{FDE4EA54-C021-4B34-BEFD-0CCC9AB425E2}.Debug|Any CPU.Build.0 = Debug|Any CPU
		{FDE4EA54-C021-4B34-BEFD-0CCC9AB425E2}.Release|Any CPU.ActiveCfg = Release|Any CPU
		{FDE4EA54-C021-4B34-BEFD-0CCC9AB425E2}.Release|Any CPU.Build.0 = Release|Any CPU
		{1FD22009-4B51-48CE-8907-FE29F2F4D658}.Debug|Any CPU.ActiveCfg = Debug|Any CPU
		{1FD22009-4B51-48CE-8907-FE29F2F4D658}.Debug|Any CPU.Build.0 = Debug|Any CPU
		{1FD22009-4B51-48CE-8907-FE29F2F4D658}.Release|Any CPU.ActiveCfg = Release|Any CPU
		{1FD22009-4B51-48CE-8907-FE29F2F4D658}.Release|Any CPU.Build.0 = Release|Any CPU
		{6228ED1C-6733-49FF-8A42-DCE6C6C503C4}.Debug|Any CPU.ActiveCfg = Debug|Any CPU
		{6228ED1C-6733-49FF-8A42-DCE6C6C503C4}.Debug|Any CPU.Build.0 = Debug|Any CPU
		{6228ED1C-6733-49FF-8A42-DCE6C6C503C4}.Release|Any CPU.ActiveCfg = Release|Any CPU
		{6228ED1C-6733-49FF-8A42-DCE6C6C503C4}.Release|Any CPU.Build.0 = Release|Any CPU
	EndGlobalSection
	GlobalSection(SolutionProperties) = preSolution
		HideSolutionNode = FALSE
	EndGlobalSection
	GlobalSection(ExtensibilityGlobals) = postSolution
		SolutionGuid = {D4A284E6-1C56-4E86-A293-89A5CA4C1128}
	EndGlobalSection
EndGlobal
